// !$*UTF8*$!
{
	archiveVersion = 1;
	classes = {
	};
	objectVersion = 56;
	objects = {

/* Begin PBXBuildFile section */
		AA1B2C3D4E5F6A7B8C9D0001 /* testAppApp.swift in Sources */ = {isa = PBXBuildFile; fileRef = AA1B2C3D4E5F6A7B8C9D0011 /* testAppApp.swift */; };
		AA1B2C3D4E5F6A7B8C9D0002 /* ContentView.swift in Sources */ = {isa = PBXBuildFile; fileRef = AA1B2C3D4E5F6A7B8C9D0012 /* ContentView.swift */; };
		AA1B2C3D4E5F6A7B8C9D0003 /* ContentViewModel.swift in Sources */ = {isa = PBXBuildFile; fileRef = AA1B2C3D4E5F6A7B8C9D0013 /* ContentViewModel.swift */; };
		AA1B2C3D4E5F6A7B8C9D0004 /* Item.swift in Sources */ = {isa = PBXBuildFile; fileRef = AA1B2C3D4E5F6A7B8C9D0014 /* Item.swift */; };
		AA1B2C3D4E5F6A7B8C9D0005 /* Assets.xcassets in Resources */ = {isa = PBXBuildFile; fileRef = AA1B2C3D4E5F6A7B8C9D0015 /* Assets.xcassets */; };
		AA1B2C3D4E5F6A7B8C9D0006 /* Configuration.swift in Sources */ = {isa = PBXBuildFile; fileRef = AA1B2C3D4E5F6A7B8C9D0018 /* Configuration.swift */; };
		AA1B2C3D4E5F6A7B8C9D0007 /* LocationManager.swift in Sources */ = {isa = PBXBuildFile; fileRef = AA1B2C3D4E5F6A7B8C9D0019 /* LocationManager.swift */; };
		AA1B2C3D4E5F6A7B8C9D0008 /* MapViewModel.swift in Sources */ = {isa = PBXBuildFile; fileRef = AA1B2C3D4E5F6A7B8C9D001A /* MapViewModel.swift */; };
		AA1B2C3D4E5F6A7B8C9D0009 /* MapView.swift in Sources */ = {isa = PBXBuildFile; fileRef = AA1B2C3D4E5F6A7B8C9D001B /* MapView.swift */; };
		AA1B2C3D4E5F6A7B8C9D000A /* LocationPermissionDeniedView.swift in Sources */ = {isa = PBXBuildFile; fileRef = AA1B2C3D4E5F6A7B8C9D001C /* LocationPermissionDeniedView.swift */; };
		BAD5CB157726F891595721F2 /* Pods_testApp.framework in Frameworks */ = {isa = PBXBuildFile; fileRef = 8B1E987C3802B26B8B62EC4C /* Pods_testApp.framework */; };
/* End PBXBuildFile section */

/* Begin PBXFileReference section */
		8B1E987C3802B26B8B62EC4C /* Pods_testApp.framework */ = {isa = PBXFileReference; explicitFileType = wrapper.framework; includeInIndex = 0; path = Pods_testApp.framework; sourceTree = BUILT_PRODUCTS_DIR; };
		9D5ECE2CC7F8728A0BF859DC /* Pods-testApp.test.xcconfig */ = {isa = PBXFileReference; includeInIndex = 1; lastKnownFileType = text.xcconfig; name = "Pods-testApp.test.xcconfig"; path = "Target Support Files/Pods-testApp/Pods-testApp.test.xcconfig"; sourceTree = "<group>"; };
		A8301D640D8216252238F502 /* Pods-testApp.debug.xcconfig */ = {isa = PBXFileReference; includeInIndex = 1; lastKnownFileType = text.xcconfig; name = "Pods-testApp.debug.xcconfig"; path = "Target Support Files/Pods-testApp/Pods-testApp.debug.xcconfig"; sourceTree = "<group>"; };
		AA1B2C3D4E5F6A7B8C9D0010 /* testApp.app */ = {isa = PBXFileReference; explicitFileType = wrapper.application; includeInIndex = 0; path = testApp.app; sourceTree = BUILT_PRODUCTS_DIR; };
		AA1B2C3D4E5F6A7B8C9D0011 /* testAppApp.swift */ = {isa = PBXFileReference; lastKnownFileType = sourcecode.swift; path = testAppApp.swift; sourceTree = "<group>"; };
		AA1B2C3D4E5F6A7B8C9D0012 /* ContentView.swift */ = {isa = PBXFileReference; lastKnownFileType = sourcecode.swift; path = ContentView.swift; sourceTree = "<group>"; };
		AA1B2C3D4E5F6A7B8C9D0013 /* ContentViewModel.swift */ = {isa = PBXFileReference; lastKnownFileType = sourcecode.swift; path = ContentViewModel.swift; sourceTree = "<group>"; };
		AA1B2C3D4E5F6A7B8C9D0014 /* Item.swift */ = {isa = PBXFileReference; lastKnownFileType = sourcecode.swift; path = Item.swift; sourceTree = "<group>"; };
		AA1B2C3D4E5F6A7B8C9D0015 /* Assets.xcassets */ = {isa = PBXFileReference; lastKnownFileType = folder.assetcatalog; path = Assets.xcassets; sourceTree = "<group>"; };
		AA1B2C3D4E5F6A7B8C9D0016 /* Test.xcconfig */ = {isa = PBXFileReference; lastKnownFileType = text.xcconfig; path = Test.xcconfig; sourceTree = "<group>"; };
		AA1B2C3D4E5F6A7B8C9D0017 /* Production.xcconfig */ = {isa = PBXFileReference; lastKnownFileType = text.xcconfig; path = Production.xcconfig; sourceTree = "<group>"; };
		AA1B2C3D4E5F6A7B8C9D0018 /* Configuration.swift */ = {isa = PBXFileReference; lastKnownFileType = sourcecode.swift; path = Configuration.swift; sourceTree = "<group>"; };
		AA1B2C3D4E5F6A7B8C9D0019 /* LocationManager.swift */ = {isa = PBXFileReference; lastKnownFileType = sourcecode.swift; path = LocationManager.swift; sourceTree = "<group>"; };
		AA1B2C3D4E5F6A7B8C9D001A /* MapViewModel.swift */ = {isa = PBXFileReference; lastKnownFileType = sourcecode.swift; path = MapViewModel.swift; sourceTree = "<group>"; };
		AA1B2C3D4E5F6A7B8C9D001B /* MapView.swift */ = {isa = PBXFileReference; lastKnownFileType = sourcecode.swift; path = MapView.swift; sourceTree = "<group>"; };
		AA1B2C3D4E5F6A7B8C9D001C /* LocationPermissionDeniedView.swift */ = {isa = PBXFileReference; lastKnownFileType = sourcecode.swift; path = LocationPermissionDeniedView.swift; sourceTree = "<group>"; };
		C4E3A49F208CA14DB6288A70 /* Pods-testApp.release.xcconfig */ = {isa = PBXFileReference; includeInIndex = 1; lastKnownFileType = text.xcconfig; name = "Pods-testApp.release.xcconfig"; path = "Target Support Files/Pods-testApp/Pods-testApp.release.xcconfig"; sourceTree = "<group>"; };
		D438997A83ED7F3B75E980EA /* Pods-testApp.production.xcconfig */ = {isa = PBXFileReference; includeInIndex = 1; lastKnownFileType = text.xcconfig; name = "Pods-testApp.production.xcconfig"; path = "Target Support Files/Pods-testApp/Pods-testApp.production.xcconfig"; sourceTree = "<group>"; };
/* End PBXFileReference section */

/* Begin PBXFrameworksBuildPhase section */
		69894A5676813FD52568851F /* Frameworks */ = {
			isa = PBXFrameworksBuildPhase;
			buildActionMask = 2147483647;
			files = (
				BAD5CB157726F891595721F2 /* Pods_testApp.framework in Frameworks */,
			);
			runOnlyForDeploymentPostprocessing = 0;
		};
/* End PBXFrameworksBuildPhase section */

/* Begin PBXGroup section */
		9A1B4271B39A03A6838CCA7B /* Frameworks */ = {
			isa = PBXGroup;
			children = (
				8B1E987C3802B26B8B62EC4C /* Pods_testApp.framework */,
			);
			name = Frameworks;
			sourceTree = "<group>";
		};
		AA1B2C3D4E5F6A7B8C9D0020 = {
			isa = PBXGroup;
			children = (
				AA1B2C3D4E5F6A7B8C9D0021 /* testApp */,
				AA1B2C3D4E5F6A7B8C9D0024 /* Products */,
				C260B751E2BF63EFB8CF98D6 /* Pods */,
				9A1B4271B39A03A6838CCA7B /* Frameworks */,
			);
			sourceTree = "<group>";
		};
		AA1B2C3D4E5F6A7B8C9D0021 /* testApp */ = {
			isa = PBXGroup;
			children = (
				AA1B2C3D4E5F6A7B8C9D0011 /* testAppApp.swift */,
				AA1B2C3D4E5F6A7B8C9D0012 /* ContentView.swift */,
				AA1B2C3D4E5F6A7B8C9D0022 /* ViewModels */,
				AA1B2C3D4E5F6A7B8C9D0023 /* Models */,
				AA1B2C3D4E5F6A7B8C9D0025 /* Config */,
				AA1B2C3D4E5F6A7B8C9D0026 /* Services */,
				AA1B2C3D4E5F6A7B8C9D0027 /* Views */,
				AA1B2C3D4E5F6A7B8C9D0015 /* Assets.xcassets */,
			);
			path = testApp;
			sourceTree = "<group>";
		};
		AA1B2C3D4E5F6A7B8C9D0022 /* ViewModels */ = {
			isa = PBXGroup;
			children = (
				AA1B2C3D4E5F6A7B8C9D0013 /* ContentViewModel.swift */,
				AA1B2C3D4E5F6A7B8C9D001A /* MapViewModel.swift */,
			);
			path = ViewModels;
			sourceTree = "<group>";
		};
		AA1B2C3D4E5F6A7B8C9D0023 /* Models */ = {
			isa = PBXGroup;
			children = (
				AA1B2C3D4E5F6A7B8C9D0014 /* Item.swift */,
			);
			path = Models;
			sourceTree = "<group>";
		};
		AA1B2C3D4E5F6A7B8C9D0024 /* Products */ = {
			isa = PBXGroup;
			children = (
				AA1B2C3D4E5F6A7B8C9D0010 /* testApp.app */,
			);
			name = Products;
			sourceTree = "<group>";
		};
		AA1B2C3D4E5F6A7B8C9D0025 /* Config */ = {
			isa = PBXGroup;
			children = (
				AA1B2C3D4E5F6A7B8C9D0016 /* Test.xcconfig */,
				AA1B2C3D4E5F6A7B8C9D0017 /* Production.xcconfig */,
				AA1B2C3D4E5F6A7B8C9D0018 /* Configuration.swift */,
			);
			path = Config;
			sourceTree = "<group>";
		};
		AA1B2C3D4E5F6A7B8C9D0026 /* Services */ = {
			isa = PBXGroup;
			children = (
				AA1B2C3D4E5F6A7B8C9D0019 /* LocationManager.swift */,
			);
			path = Services;
			sourceTree = "<group>";
		};
		AA1B2C3D4E5F6A7B8C9D0027 /* Views */ = {
			isa = PBXGroup;
			children = (
				AA1B2C3D4E5F6A7B8C9D001B /* MapView.swift */,
				AA1B2C3D4E5F6A7B8C9D001C /* LocationPermissionDeniedView.swift */,
			);
			path = Views;
			sourceTree = "<group>";
		};
		C260B751E2BF63EFB8CF98D6 /* Pods */ = {
			isa = PBXGroup;
			children = (
				A8301D640D8216252238F502 /* Pods-testApp.debug.xcconfig */,
				C4E3A49F208CA14DB6288A70 /* Pods-testApp.release.xcconfig */,
				9D5ECE2CC7F8728A0BF859DC /* Pods-testApp.test.xcconfig */,
				D438997A83ED7F3B75E980EA /* Pods-testApp.production.xcconfig */,
			);
			name = Pods;
			path = Pods;
			sourceTree = "<group>";
		};
/* End PBXGroup section */

/* Begin PBXNativeTarget section */
		AA1B2C3D4E5F6A7B8C9D0030 /* testApp */ = {
			isa = PBXNativeTarget;
			buildConfigurationList = AA1B2C3D4E5F6A7B8C9D0070 /* Build configuration list for PBXNativeTarget "testApp" */;
			buildPhases = (
				8171ECF72007524766CA77FA /* [CP] Check Pods Manifest.lock */,
				AA1B2C3D4E5F6A7B8C9D0051 /* Sources */,
				AA1B2C3D4E5F6A7B8C9D0050 /* Resources */,
				69894A5676813FD52568851F /* Frameworks */,
				A6E5A24DC9F1525327BC6734 /* [CP] Copy Pods Resources */,
			);
			buildRules = (
			);
			dependencies = (
			);
			name = testApp;
			productName = testApp;
			productReference = AA1B2C3D4E5F6A7B8C9D0010 /* testApp.app */;
			productType = "com.apple.product-type.application";
		};
/* End PBXNativeTarget section */

/* Begin PBXProject section */
		AA1B2C3D4E5F6A7B8C9D0040 /* Project object */ = {
			isa = PBXProject;
			attributes = {
				BuildIndependentTargetsInParallel = 1;
				LastSwiftUpdateCheck = 1540;
				LastUpgradeCheck = 1540;
				TargetAttributes = {
					AA1B2C3D4E5F6A7B8C9D0030 = {
						CreatedOnToolsVersion = 15.4;
					};
				};
			};
			buildConfigurationList = AA1B2C3D4E5F6A7B8C9D0071 /* Build configuration list for PBXProject "testApp" */;
			compatibilityVersion = "Xcode 14.0";
			developmentRegion = en;
			hasScannedForEncodings = 0;
			knownRegions = (
				en,
				Base,
			);
			mainGroup = AA1B2C3D4E5F6A7B8C9D0020;
			productRefGroup = AA1B2C3D4E5F6A7B8C9D0024 /* Products */;
			projectDirPath = "";
			projectRoot = "";
			targets = (
				AA1B2C3D4E5F6A7B8C9D0030 /* testApp */,
			);
		};
/* End PBXProject section */

/* Begin PBXResourcesBuildPhase section */
		AA1B2C3D4E5F6A7B8C9D0050 /* Resources */ = {
			isa = PBXResourcesBuildPhase;
			buildActionMask = 2147483647;
			files = (
				AA1B2C3D4E5F6A7B8C9D0005 /* Assets.xcassets in Resources */,
			);
			runOnlyForDeploymentPostprocessing = 0;
		};
/* End PBXResourcesBuildPhase section */

/* Begin PBXShellScriptBuildPhase section */
		8171ECF72007524766CA77FA /* [CP] Check Pods Manifest.lock */ = {
			isa = PBXShellScriptBuildPhase;
			buildActionMask = 2147483647;
			files = (
			);
			inputFileListPaths = (
			);
			inputPaths = (
				"${PODS_PODFILE_DIR_PATH}/Podfile.lock",
				"${PODS_ROOT}/Manifest.lock",
			);
			name = "[CP] Check Pods Manifest.lock";
			outputFileListPaths = (
			);
			outputPaths = (
				"$(DERIVED_FILE_DIR)/Pods-testApp-checkManifestLockResult.txt",
			);
			runOnlyForDeploymentPostprocessing = 0;
			shellPath = /bin/sh;
			shellScript = "diff \"${PODS_PODFILE_DIR_PATH}/Podfile.lock\" \"${PODS_ROOT}/Manifest.lock\" > /dev/null\nif [ $? != 0 ] ; then\n    # print error to STDERR\n    echo \"error: The sandbox is not in sync with the Podfile.lock. Run 'pod install' or update your CocoaPods installation.\" >&2\n    exit 1\nfi\n# This output is used by Xcode 'outputs' to avoid re-running this script phase.\necho \"SUCCESS\" > \"${SCRIPT_OUTPUT_FILE_0}\"\n";
			showEnvVarsInLog = 0;
		};
		A6E5A24DC9F1525327BC6734 /* [CP] Copy Pods Resources */ = {
			isa = PBXShellScriptBuildPhase;
			buildActionMask = 2147483647;
			files = (
			);
			inputFileListPaths = (
				"${PODS_ROOT}/Target Support Files/Pods-testApp/Pods-testApp-resources-${CONFIGURATION}-input-files.xcfilelist",
			);
			name = "[CP] Copy Pods Resources";
			outputFileListPaths = (
				"${PODS_ROOT}/Target Support Files/Pods-testApp/Pods-testApp-resources-${CONFIGURATION}-output-files.xcfilelist",
			);
			runOnlyForDeploymentPostprocessing = 0;
			shellPath = /bin/sh;
			shellScript = "\"${PODS_ROOT}/Target Support Files/Pods-testApp/Pods-testApp-resources.sh\"\n";
			showEnvVarsInLog = 0;
		};
/* End PBXShellScriptBuildPhase section */

/* Begin PBXSourcesBuildPhase section */
		AA1B2C3D4E5F6A7B8C9D0051 /* Sources */ = {
			isa = PBXSourcesBuildPhase;
			buildActionMask = 2147483647;
			files = (
				AA1B2C3D4E5F6A7B8C9D0001 /* testAppApp.swift in Sources */,
				AA1B2C3D4E5F6A7B8C9D0002 /* ContentView.swift in Sources */,
				AA1B2C3D4E5F6A7B8C9D0003 /* ContentViewModel.swift in Sources */,
				AA1B2C3D4E5F6A7B8C9D0004 /* Item.swift in Sources */,
				AA1B2C3D4E5F6A7B8C9D0006 /* Configuration.swift in Sources */,
				AA1B2C3D4E5F6A7B8C9D0007 /* LocationManager.swift in Sources */,
				AA1B2C3D4E5F6A7B8C9D0008 /* MapViewModel.swift in Sources */,
				AA1B2C3D4E5F6A7B8C9D0009 /* MapView.swift in Sources */,
				AA1B2C3D4E5F6A7B8C9D000A /* LocationPermissionDeniedView.swift in Sources */,
			);
			runOnlyForDeploymentPostprocessing = 0;
		};
/* End PBXSourcesBuildPhase section */

/* Begin XCBuildConfiguration section */
		AA1B2C3D4E5F6A7B8C9D0060 /* Debug */ = {
			isa = XCBuildConfiguration;
			baseConfigurationReference = A8301D640D8216252238F502 /* Pods-testApp.debug.xcconfig */;
			buildSettings = {
				ASSETCATALOG_COMPILER_APPICON_NAME = AppIcon;
				ASSETCATALOG_COMPILER_GLOBAL_ACCENT_COLOR_NAME = AccentColor;
				CODE_SIGN_STYLE = Automatic;
				CURRENT_PROJECT_VERSION = 1;
				ENABLE_PREVIEWS = YES;
				GENERATE_INFOPLIST_FILE = YES;
				INFOPLIST_KEY_GoogleMapsAPIKey = "$(GOOGLE_MAPS_API_KEY)";
				INFOPLIST_KEY_NSLocationWhenInUseUsageDescription = "testApp uses your location to show you on the map.";
				INFOPLIST_KEY_UIApplicationSceneManifest_Generation = YES;
				INFOPLIST_KEY_UIApplicationSupportsIndirectInputEvents = YES;
				INFOPLIST_KEY_UILaunchScreen_Generation = YES;
				INFOPLIST_KEY_UISupportedInterfaceOrientations_iPad = "UIInterfaceOrientationPortrait UIInterfaceOrientationPortraitUpsideDown UIInterfaceOrientationLandscapeLeft UIInterfaceOrientationLandscapeRight";
				INFOPLIST_KEY_UISupportedInterfaceOrientations_iPhone = "UIInterfaceOrientationPortrait UIInterfaceOrientationLandscapeLeft UIInterfaceOrientationLandscapeRight";
				IPHONEOS_DEPLOYMENT_TARGET = 17.0;
				LD_RUNPATH_SEARCH_PATHS = (
					"$(inherited)",
					"@executable_path/Frameworks",
				);
				MARKETING_VERSION = 1.0;
				PRODUCT_BUNDLE_IDENTIFIER = com.example.testApp;
				PRODUCT_NAME = "$(TARGET_NAME)";
				SWIFT_EMIT_LOC_STRINGS = YES;
				SWIFT_VERSION = 5.0;
				TARGETED_DEVICE_FAMILY = "1,2";
			};
			name = Debug;
		};
		AA1B2C3D4E5F6A7B8C9D0061 /* Release */ = {
			isa = XCBuildConfiguration;
			baseConfigurationReference = C4E3A49F208CA14DB6288A70 /* Pods-testApp.release.xcconfig */;
			buildSettings = {
				ASSETCATALOG_COMPILER_APPICON_NAME = AppIcon;
				ASSETCATALOG_COMPILER_GLOBAL_ACCENT_COLOR_NAME = AccentColor;
				CODE_SIGN_STYLE = Automatic;
				CURRENT_PROJECT_VERSION = 1;
				ENABLE_PREVIEWS = YES;
				GENERATE_INFOPLIST_FILE = YES;
				INFOPLIST_KEY_GoogleMapsAPIKey = "$(GOOGLE_MAPS_API_KEY)";
				INFOPLIST_KEY_NSLocationWhenInUseUsageDescription = "testApp uses your location to show you on the map.";
				INFOPLIST_KEY_UIApplicationSceneManifest_Generation = YES;
				INFOPLIST_KEY_UIApplicationSupportsIndirectInputEvents = YES;
				INFOPLIST_KEY_UILaunchScreen_Generation = YES;
				INFOPLIST_KEY_UISupportedInterfaceOrientations_iPad = "UIInterfaceOrientationPortrait UIInterfaceOrientationPortraitUpsideDown UIInterfaceOrientationLandscapeLeft UIInterfaceOrientationLandscapeRight";
				INFOPLIST_KEY_UISupportedInterfaceOrientations_iPhone = "UIInterfaceOrientationPortrait UIInterfaceOrientationLandscapeLeft UIInterfaceOrientationLandscapeRight";
				IPHONEOS_DEPLOYMENT_TARGET = 17.0;
				LD_RUNPATH_SEARCH_PATHS = (
					"$(inherited)",
					"@executable_path/Frameworks",
				);
				MARKETING_VERSION = 1.0;
				PRODUCT_BUNDLE_IDENTIFIER = com.example.testApp;
				PRODUCT_NAME = "$(TARGET_NAME)";
				SWIFT_EMIT_LOC_STRINGS = YES;
				SWIFT_VERSION = 5.0;
				TARGETED_DEVICE_FAMILY = "1,2";
			};
			name = Release;
		};
		AA1B2C3D4E5F6A7B8C9D0062 /* Debug */ = {
			isa = XCBuildConfiguration;
			buildSettings = {
				ALWAYS_SEARCH_USER_PATHS = NO;
				ASSETCATALOG_COMPILER_GENERATE_SWIFT_ASSET_SYMBOL_EXTENSIONS = YES;
				CLANG_ANALYZER_NONNULL = YES;
				CLANG_ANALYZER_NUMBER_OBJECT_CONVERSION = YES_AGGRESSIVE;
				CLANG_CXX_LANGUAGE_STANDARD = "gnu++20";
				CLANG_ENABLE_MODULES = YES;
				CLANG_ENABLE_OBJC_ARC = YES;
				CLANG_ENABLE_OBJC_WEAK = YES;
				CLANG_WARN_BLOCK_CAPTURE_AUTORELEASING = YES;
				CLANG_WARN_BOOL_CONVERSION = YES;
				CLANG_WARN_COMMA = YES;
				CLANG_WARN_CONSTANT_CONVERSION = YES;
				CLANG_WARN_DEPRECATED_OBJC_IMPLEMENTATIONS = YES;
				CLANG_WARN_DIRECT_OBJC_ISA_USAGE = YES_ERROR;
				CLANG_WARN_DOCUMENTATION_COMMENTS = YES;
				CLANG_WARN_EMPTY_BODY = YES;
				CLANG_WARN_ENUM_CONVERSION = YES;
				CLANG_WARN_INFINITE_RECURSION = YES;
				CLANG_WARN_INT_CONVERSION = YES;
				CLANG_WARN_NON_LITERAL_NULL_CONVERSION = YES;
				CLANG_WARN_OBJC_IMPLICIT_RETAIN_CYCLE = YES;
				CLANG_WARN_OBJC_LITERAL_CONVERSION = YES;
				CLANG_WARN_OBJC_ROOT_CLASS = YES_ERROR;
				CLANG_WARN_QUOTED_INCLUDE_IN_FRAMEWORK_HEADER = YES;
				CLANG_WARN_RANGE_LOOP_ANALYSIS = YES;
				CLANG_WARN_STRICT_PROTOTYPES = YES;
				CLANG_WARN_SUSPICIOUS_MOVE = YES;
				CLANG_WARN_UNGUARDED_AVAILABILITY = YES_AGGRESSIVE;
				CLANG_WARN_UNREACHABLE_CODE = YES;
				CLANG_WARN__DUPLICATE_METHOD_MATCH = YES;
				COPY_PHASE_STRIP = NO;
				DEBUG_INFORMATION_FORMAT = dwarf;
				ENABLE_STRICT_OBJC_MSGSEND = YES;
				ENABLE_TESTABILITY = YES;
				ENABLE_USER_SCRIPT_SANDBOXING = NO;
				GCC_C_LANGUAGE_STANDARD = gnu17;
				GCC_DYNAMIC_NO_PIC = NO;
				GCC_NO_COMMON_BLOCKS = YES;
				GCC_OPTIMIZATION_LEVEL = 0;
				GCC_PREPROCESSOR_DEFINITIONS = (
					"DEBUG=1",
					"$(inherited)",
				);
				GCC_WARN_64_TO_32_BIT_CONVERSION = YES;
				GCC_WARN_ABOUT_RETURN_TYPE = YES_ERROR;
				GCC_WARN_UNDECLARED_SELECTOR = YES;
				GCC_WARN_UNINITIALIZED_AUTOS = YES_AGGRESSIVE;
				GCC_WARN_UNUSED_FUNCTION = YES;
				GCC_WARN_UNUSED_VARIABLE = YES;
				IPHONEOS_DEPLOYMENT_TARGET = 17.0;
				LOCALIZATION_PREFERS_STRING_CATALOGS = YES;
				MTL_ENABLE_DEBUG_INFO = INCLUDE_SOURCE;
				MTL_FAST_MATH = YES;
				ONLY_ACTIVE_ARCH = YES;
				SDKROOT = iphoneos;
				SWIFT_ACTIVE_COMPILATION_CONDITIONS = "DEBUG $(inherited)";
				SWIFT_OPTIMIZATION_LEVEL = "-Onone";
			};
			name = Debug;
		};
		AA1B2C3D4E5F6A7B8C9D0063 /* Release */ = {
			isa = XCBuildConfiguration;
			buildSettings = {
				ALWAYS_SEARCH_USER_PATHS = NO;
				ASSETCATALOG_COMPILER_GENERATE_SWIFT_ASSET_SYMBOL_EXTENSIONS = YES;
				CLANG_ANALYZER_NONNULL = YES;
				CLANG_ANALYZER_NUMBER_OBJECT_CONVERSION = YES_AGGRESSIVE;
				CLANG_CXX_LANGUAGE_STANDARD = "gnu++20";
				CLANG_ENABLE_MODULES = YES;
				CLANG_ENABLE_OBJC_ARC = YES;
				CLANG_ENABLE_OBJC_WEAK = YES;
				CLANG_WARN_BLOCK_CAPTURE_AUTORELEASING = YES;
				CLANG_WARN_BOOL_CONVERSION = YES;
				CLANG_WARN_COMMA = YES;
				CLANG_WARN_CONSTANT_CONVERSION = YES;
				CLANG_WARN_DEPRECATED_OBJC_IMPLEMENTATIONS = YES;
				CLANG_WARN_DIRECT_OBJC_ISA_USAGE = YES_ERROR;
				CLANG_WARN_DOCUMENTATION_COMMENTS = YES;
				CLANG_WARN_EMPTY_BODY = YES;
				CLANG_WARN_ENUM_CONVERSION = YES;
				CLANG_WARN_INFINITE_RECURSION = YES;
				CLANG_WARN_INT_CONVERSION = YES;
				CLANG_WARN_NON_LITERAL_NULL_CONVERSION = YES;
				CLANG_WARN_OBJC_IMPLICIT_RETAIN_CYCLE = YES;
				CLANG_WARN_OBJC_LITERAL_CONVERSION = YES;
				CLANG_WARN_OBJC_ROOT_CLASS = YES_ERROR;
				CLANG_WARN_QUOTED_INCLUDE_IN_FRAMEWORK_HEADER = YES;
				CLANG_WARN_RANGE_LOOP_ANALYSIS = YES;
				CLANG_WARN_STRICT_PROTOTYPES = YES;
				CLANG_WARN_SUSPICIOUS_MOVE = YES;
				CLANG_WARN_UNGUARDED_AVAILABILITY = YES_AGGRESSIVE;
				CLANG_WARN_UNREACHABLE_CODE = YES;
				CLANG_WARN__DUPLICATE_METHOD_MATCH = YES;
				COPY_PHASE_STRIP = NO;
				DEBUG_INFORMATION_FORMAT = "dwarf-with-dsym";
				ENABLE_NS_ASSERTIONS = NO;
				ENABLE_STRICT_OBJC_MSGSEND = YES;
				ENABLE_USER_SCRIPT_SANDBOXING = NO;
				GCC_C_LANGUAGE_STANDARD = gnu17;
				GCC_NO_COMMON_BLOCKS = YES;
				GCC_WARN_64_TO_32_BIT_CONVERSION = YES;
				GCC_WARN_ABOUT_RETURN_TYPE = YES_ERROR;
				GCC_WARN_UNDECLARED_SELECTOR = YES;
				GCC_WARN_UNINITIALIZED_AUTOS = YES_AGGRESSIVE;
				GCC_WARN_UNUSED_FUNCTION = YES;
				GCC_WARN_UNUSED_VARIABLE = YES;
				IPHONEOS_DEPLOYMENT_TARGET = 17.0;
				LOCALIZATION_PREFERS_STRING_CATALOGS = YES;
				MTL_FAST_MATH = YES;
				SDKROOT = iphoneos;
				SWIFT_COMPILATION_MODE = wholemodule;
				VALIDATE_PRODUCT = YES;
			};
			name = Release;
		};
		AA1B2C3D4E5F6A7B8C9D0064 /* Test */ = {
			isa = XCBuildConfiguration;
			baseConfigurationReference = AA1B2C3D4E5F6A7B8C9D0016 /* Test.xcconfig */;
			buildSettings = {
				ASSETCATALOG_COMPILER_APPICON_NAME = AppIcon;
				ASSETCATALOG_COMPILER_GLOBAL_ACCENT_COLOR_NAME = AccentColor;
				CODE_SIGN_STYLE = Automatic;
				CURRENT_PROJECT_VERSION = 1;
				ENABLE_PREVIEWS = YES;
				GENERATE_INFOPLIST_FILE = YES;
				INFOPLIST_KEY_APIBaseURL = "$(API_BASE_URL)";
				INFOPLIST_KEY_AppEnvironment = "$(APP_ENV)";
				INFOPLIST_KEY_UIApplicationSceneManifest_Generation = YES;
				INFOPLIST_KEY_UIApplicationSupportsIndirectInputEvents = YES;
				INFOPLIST_KEY_UILaunchScreen_Generation = YES;
				INFOPLIST_KEY_UISupportedInterfaceOrientations_iPad = "UIInterfaceOrientationPortrait UIInterfaceOrientationPortraitUpsideDown UIInterfaceOrientationLandscapeLeft UIInterfaceOrientationLandscapeRight";
				INFOPLIST_KEY_UISupportedInterfaceOrientations_iPhone = "UIInterfaceOrientationPortrait UIInterfaceOrientationLandscapeLeft UIInterfaceOrientationLandscapeRight";
				IPHONEOS_DEPLOYMENT_TARGET = 17.0;
				LD_RUNPATH_SEARCH_PATHS = (
					"$(inherited)",
					"@executable_path/Frameworks",
				);
				MARKETING_VERSION = 1.0;
				PRODUCT_BUNDLE_IDENTIFIER = com.example.testApp;
				PRODUCT_NAME = "$(TARGET_NAME)";
				SWIFT_ACTIVE_COMPILATION_CONDITIONS = "TEST $(inherited)";
				SWIFT_EMIT_LOC_STRINGS = YES;
				SWIFT_VERSION = 5.0;
				TARGETED_DEVICE_FAMILY = "1,2";
			};
			name = Test;
		};
		AA1B2C3D4E5F6A7B8C9D0065 /* Production */ = {
			isa = XCBuildConfiguration;
			baseConfigurationReference = AA1B2C3D4E5F6A7B8C9D0017 /* Production.xcconfig */;
			buildSettings = {
				ASSETCATALOG_COMPILER_APPICON_NAME = AppIcon;
				ASSETCATALOG_COMPILER_GLOBAL_ACCENT_COLOR_NAME = AccentColor;
				CODE_SIGN_STYLE = Automatic;
				CURRENT_PROJECT_VERSION = 1;
				ENABLE_PREVIEWS = YES;
				GENERATE_INFOPLIST_FILE = YES;
				INFOPLIST_KEY_APIBaseURL = "$(API_BASE_URL)";
				INFOPLIST_KEY_AppEnvironment = "$(APP_ENV)";
				INFOPLIST_KEY_UIApplicationSceneManifest_Generation = YES;
				INFOPLIST_KEY_UIApplicationSupportsIndirectInputEvents = YES;
				INFOPLIST_KEY_UILaunchScreen_Generation = YES;
				INFOPLIST_KEY_UISupportedInterfaceOrientations_iPad = "UIInterfaceOrientationPortrait UIInterfaceOrientationPortraitUpsideDown UIInterfaceOrientationLandscapeLeft UIInterfaceOrientationLandscapeRight";
				INFOPLIST_KEY_UISupportedInterfaceOrientations_iPhone = "UIInterfaceOrientationPortrait UIInterfaceOrientationLandscapeLeft UIInterfaceOrientationLandscapeRight";
				IPHONEOS_DEPLOYMENT_TARGET = 17.0;
				LD_RUNPATH_SEARCH_PATHS = (
					"$(inherited)",
					"@executable_path/Frameworks",
				);
				MARKETING_VERSION = 1.0;
				PRODUCT_BUNDLE_IDENTIFIER = com.example.testApp;
				PRODUCT_NAME = "$(TARGET_NAME)";
				SWIFT_ACTIVE_COMPILATION_CONDITIONS = "PRODUCTION $(inherited)";
				SWIFT_EMIT_LOC_STRINGS = YES;
				SWIFT_VERSION = 5.0;
				TARGETED_DEVICE_FAMILY = "1,2";
			};
			name = Production;
		};
		AA1B2C3D4E5F6A7B8C9D0066 /* Test */ = {
			isa = XCBuildConfiguration;
			buildSettings = {
				ALWAYS_SEARCH_USER_PATHS = NO;
				ASSETCATALOG_COMPILER_GENERATE_SWIFT_ASSET_SYMBOL_EXTENSIONS = YES;
				CLANG_ANALYZER_NONNULL = YES;
				CLANG_ANALYZER_NUMBER_OBJECT_CONVERSION = YES_AGGRESSIVE;
				CLANG_CXX_LANGUAGE_STANDARD = "gnu++20";
				CLANG_ENABLE_MODULES = YES;
				CLANG_ENABLE_OBJC_ARC = YES;
				CLANG_ENABLE_OBJC_WEAK = YES;
				CLANG_WARN_BLOCK_CAPTURE_AUTORELEASING = YES;
				CLANG_WARN_BOOL_CONVERSION = YES;
				CLANG_WARN_COMMA = YES;
				CLANG_WARN_CONSTANT_CONVERSION = YES;
				CLANG_WARN_DEPRECATED_OBJC_IMPLEMENTATIONS = YES;
				CLANG_WARN_DIRECT_OBJC_ISA_USAGE = YES_ERROR;
				CLANG_WARN_DOCUMENTATION_COMMENTS = YES;
				CLANG_WARN_EMPTY_BODY = YES;
				CLANG_WARN_ENUM_CONVERSION = YES;
				CLANG_WARN_INFINITE_RECURSION = YES;
				CLANG_WARN_INT_CONVERSION = YES;
				CLANG_WARN_NON_LITERAL_NULL_CONVERSION = YES;
				CLANG_WARN_OBJC_IMPLICIT_RETAIN_CYCLE = YES;
				CLANG_WARN_OBJC_LITERAL_CONVERSION = YES;
				CLANG_WARN_OBJC_ROOT_CLASS = YES_ERROR;
				CLANG_WARN_QUOTED_INCLUDE_IN_FRAMEWORK_HEADER = YES;
				CLANG_WARN_RANGE_LOOP_ANALYSIS = YES;
				CLANG_WARN_STRICT_PROTOTYPES = YES;
				CLANG_WARN_SUSPICIOUS_MOVE = YES;
				CLANG_WARN_UNGUARDED_AVAILABILITY = YES_AGGRESSIVE;
				CLANG_WARN_UNREACHABLE_CODE = YES;
				CLANG_WARN__DUPLICATE_METHOD_MATCH = YES;
				COPY_PHASE_STRIP = NO;
				DEBUG_INFORMATION_FORMAT = dwarf;
				ENABLE_STRICT_OBJC_MSGSEND = YES;
				ENABLE_TESTABILITY = YES;
				ENABLE_USER_SCRIPT_SANDBOXING = NO;
				GCC_C_LANGUAGE_STANDARD = gnu17;
				GCC_DYNAMIC_NO_PIC = NO;
				GCC_NO_COMMON_BLOCKS = YES;
				GCC_OPTIMIZATION_LEVEL = 0;
				GCC_WARN_64_TO_32_BIT_CONVERSION = YES;
				GCC_WARN_ABOUT_RETURN_TYPE = YES_ERROR;
				GCC_WARN_UNDECLARED_SELECTOR = YES;
				GCC_WARN_UNINITIALIZED_AUTOS = YES_AGGRESSIVE;
				GCC_WARN_UNUSED_FUNCTION = YES;
				GCC_WARN_UNUSED_VARIABLE = YES;
				IPHONEOS_DEPLOYMENT_TARGET = 17.0;
				LOCALIZATION_PREFERS_STRING_CATALOGS = YES;
				MTL_ENABLE_DEBUG_INFO = INCLUDE_SOURCE;
				MTL_FAST_MATH = YES;
				ONLY_ACTIVE_ARCH = YES;
				SDKROOT = iphoneos;
				SWIFT_ACTIVE_COMPILATION_CONDITIONS = "TEST $(inherited)";
				SWIFT_OPTIMIZATION_LEVEL = "-Onone";
			};
			name = Test;
		};
		AA1B2C3D4E5F6A7B8C9D0067 /* Production */ = {
			isa = XCBuildConfiguration;
			buildSettings = {
				ALWAYS_SEARCH_USER_PATHS = NO;
				ASSETCATALOG_COMPILER_GENERATE_SWIFT_ASSET_SYMBOL_EXTENSIONS = YES;
				CLANG_ANALYZER_NONNULL = YES;
				CLANG_ANALYZER_NUMBER_OBJECT_CONVERSION = YES_AGGRESSIVE;
				CLANG_CXX_LANGUAGE_STANDARD = "gnu++20";
				CLANG_ENABLE_MODULES = YES;
				CLANG_ENABLE_OBJC_ARC = YES;
				CLANG_ENABLE_OBJC_WEAK = YES;
				CLANG_WARN_BLOCK_CAPTURE_AUTORELEASING = YES;
				CLANG_WARN_BOOL_CONVERSION = YES;
				CLANG_WARN_COMMA = YES;
				CLANG_WARN_CONSTANT_CONVERSION = YES;
				CLANG_WARN_DEPRECATED_OBJC_IMPLEMENTATIONS = YES;
				CLANG_WARN_DIRECT_OBJC_ISA_USAGE = YES_ERROR;
				CLANG_WARN_DOCUMENTATION_COMMENTS = YES;
				CLANG_WARN_EMPTY_BODY = YES;
				CLANG_WARN_ENUM_CONVERSION = YES;
				CLANG_WARN_INFINITE_RECURSION = YES;
				CLANG_WARN_INT_CONVERSION = YES;
				CLANG_WARN_NON_LITERAL_NULL_CONVERSION = YES;
				CLANG_WARN_OBJC_IMPLICIT_RETAIN_CYCLE = YES;
				CLANG_WARN_OBJC_LITERAL_CONVERSION = YES;
				CLANG_WARN_OBJC_ROOT_CLASS = YES_ERROR;
				CLANG_WARN_QUOTED_INCLUDE_IN_FRAMEWORK_HEADER = YES;
				CLANG_WARN_RANGE_LOOP_ANALYSIS = YES;
				CLANG_WARN_STRICT_PROTOTYPES = YES;
				CLANG_WARN_SUSPICIOUS_MOVE = YES;
				CLANG_WARN_UNGUARDED_AVAILABILITY = YES_AGGRESSIVE;
				CLANG_WARN_UNREACHABLE_CODE = YES;
				CLANG_WARN__DUPLICATE_METHOD_MATCH = YES;
				COPY_PHASE_STRIP = NO;
				DEBUG_INFORMATION_FORMAT = "dwarf-with-dsym";
				ENABLE_NS_ASSERTIONS = NO;
				ENABLE_STRICT_OBJC_MSGSEND = YES;
				ENABLE_USER_SCRIPT_SANDBOXING = NO;
				GCC_C_LANGUAGE_STANDARD = gnu17;
				GCC_NO_COMMON_BLOCKS = YES;
				GCC_WARN_64_TO_32_BIT_CONVERSION = YES;
				GCC_WARN_ABOUT_RETURN_TYPE = YES_ERROR;
				GCC_WARN_UNDECLARED_SELECTOR = YES;
				GCC_WARN_UNINITIALIZED_AUTOS = YES_AGGRESSIVE;
				GCC_WARN_UNUSED_FUNCTION = YES;
				GCC_WARN_UNUSED_VARIABLE = YES;
				IPHONEOS_DEPLOYMENT_TARGET = 17.0;
				LOCALIZATION_PREFERS_STRING_CATALOGS = YES;
				MTL_FAST_MATH = YES;
				SDKROOT = iphoneos;
				SWIFT_COMPILATION_MODE = wholemodule;
				VALIDATE_PRODUCT = YES;
			};
			name = Production;
		};
/* End XCBuildConfiguration section */

/* Begin XCConfigurationList section */
		AA1B2C3D4E5F6A7B8C9D0070 /* Build configuration list for PBXNativeTarget "testApp" */ = {
			isa = XCConfigurationList;
			buildConfigurations = (
				AA1B2C3D4E5F6A7B8C9D0060 /* Debug */,
				AA1B2C3D4E5F6A7B8C9D0061 /* Release */,
				AA1B2C3D4E5F6A7B8C9D0064 /* Test */,
				AA1B2C3D4E5F6A7B8C9D0065 /* Production */,
			);
			defaultConfigurationIsVisible = 0;
			defaultConfigurationName = Production;
		};
		AA1B2C3D4E5F6A7B8C9D0071 /* Build configuration list for PBXProject "testApp" */ = {
			isa = XCConfigurationList;
			buildConfigurations = (
				AA1B2C3D4E5F6A7B8C9D0062 /* Debug */,
				AA1B2C3D4E5F6A7B8C9D0063 /* Release */,
				AA1B2C3D4E5F6A7B8C9D0066 /* Test */,
				AA1B2C3D4E5F6A7B8C9D0067 /* Production */,
			);
			defaultConfigurationIsVisible = 0;
			defaultConfigurationName = Production;
		};
/* End XCConfigurationList section */
	};
	rootObject = AA1B2C3D4E5F6A7B8C9D0040 /* Project object */;
}
